// !$*UTF8*$!
{
	archiveVersion = 1;
	classes = {
	};
	objectVersion = 56;
	objects = {

/* Begin PBXBuildFile section */
		277BD56A2AFCAD2500707212 /* AppDelegate.swift in Sources */ = {isa = PBXBuildFile; fileRef = 277BD5692AFCAD2500707212 /* AppDelegate.swift */; };
		277BD56C2AFCAD2500707212 /* SceneDelegate.swift in Sources */ = {isa = PBXBuildFile; fileRef = 277BD56B2AFCAD2500707212 /* SceneDelegate.swift */; };
		277BD56E2AFCAD2500707212 /* ViewController.swift in Sources */ = {isa = PBXBuildFile; fileRef = 277BD56D2AFCAD2500707212 /* ViewController.swift */; };
		277BD5712AFCAD2500707212 /* Main.storyboard in Resources */ = {isa = PBXBuildFile; fileRef = 277BD56F2AFCAD2500707212 /* Main.storyboard */; };
		277BD5732AFCAD2A00707212 /* Assets.xcassets in Resources */ = {isa = PBXBuildFile; fileRef = 277BD5722AFCAD2A00707212 /* Assets.xcassets */; };
		277BD5762AFCAD2A00707212 /* LaunchScreen.storyboard in Resources */ = {isa = PBXBuildFile; fileRef = 277BD5742AFCAD2A00707212 /* LaunchScreen.storyboard */; };
		277BD5832AFCBC7B00707212 /* SwiftyJSON.swift in Sources */ = {isa = PBXBuildFile; fileRef = 277BD5822AFCBC7B00707212 /* SwiftyJSON.swift */; };
		277BD5872AFCC18C00707212 /* JsonModel.swift in Sources */ = {isa = PBXBuildFile; fileRef = 277BD5862AFCC18C00707212 /* JsonModel.swift */; };
		277BD58A2AFCC4EC00707212 /* TableViewCell.swift in Sources */ = {isa = PBXBuildFile; fileRef = 277BD5892AFCC4EC00707212 /* TableViewCell.swift */; };
		279FC91C2AFE1493003D9993 /* TableViewController.swift in Sources */ = {isa = PBXBuildFile; fileRef = 279FC91B2AFE1493003D9993 /* TableViewController.swift */; };
/* End PBXBuildFile section */

/* Begin PBXFileReference section */
		277BD5662AFCAD2500707212 /* SwiftyJson1.app */ = {isa = PBXFileReference; explicitFileType = wrapper.application; includeInIndex = 0; path = SwiftyJson1.app; sourceTree = BUILT_PRODUCTS_DIR; };
		277BD5692AFCAD2500707212 /* AppDelegate.swift */ = {isa = PBXFileReference; lastKnownFileType = sourcecode.swift; path = AppDelegate.swift; sourceTree = "<group>"; };
		277BD56B2AFCAD2500707212 /* SceneDelegate.swift */ = {isa = PBXFileReference; lastKnownFileType = sourcecode.swift; path = SceneDelegate.swift; sourceTree = "<group>"; };
		277BD56D2AFCAD2500707212 /* ViewController.swift */ = {isa = PBXFileReference; lastKnownFileType = sourcecode.swift; path = ViewController.swift; sourceTree = "<group>"; };
		277BD5702AFCAD2500707212 /* Base */ = {isa = PBXFileReference; lastKnownFileType = file.storyboard; name = Base; path = Base.lproj/Main.storyboard; sourceTree = "<group>"; };
		277BD5722AFCAD2A00707212 /* Assets.xcassets */ = {isa = PBXFileReference; lastKnownFileType = folder.assetcatalog; path = Assets.xcassets; sourceTree = "<group>"; };
		277BD5752AFCAD2A00707212 /* Base */ = {isa = PBXFileReference; lastKnownFileType = file.storyboard; name = Base; path = Base.lproj/LaunchScreen.storyboard; sourceTree = "<group>"; };
		277BD5772AFCAD2A00707212 /* Info.plist */ = {isa = PBXFileReference; lastKnownFileType = text.plist.xml; path = Info.plist; sourceTree = "<group>"; };
		277BD5822AFCBC7B00707212 /* SwiftyJSON.swift */ = {isa = PBXFileReference; fileEncoding = 4; lastKnownFileType = sourcecode.swift; path = SwiftyJSON.swift; sourceTree = "<group>"; };
		277BD5862AFCC18C00707212 /* JsonModel.swift */ = {isa = PBXFileReference; lastKnownFileType = sourcecode.swift; path = JsonModel.swift; sourceTree = "<group>"; };
		277BD5892AFCC4EC00707212 /* TableViewCell.swift */ = {isa = PBXFileReference; lastKnownFileType = sourcecode.swift; path = TableViewCell.swift; sourceTree = "<group>"; };
		279FC91B2AFE1493003D9993 /* TableViewController.swift */ = {isa = PBXFileReference; lastKnownFileType = sourcecode.swift; path = TableViewController.swift; sourceTree = "<group>"; };
/* End PBXFileReference section */

/* Begin PBXFrameworksBuildPhase section */
		277BD5632AFCAD2500707212 /* Frameworks */ = {
			isa = PBXFrameworksBuildPhase;
			buildActionMask = 2147483647;
			files = (
			);
			runOnlyForDeploymentPostprocessing = 0;
		};
/* End PBXFrameworksBuildPhase section */

/* Begin PBXGroup section */
		277BD55D2AFCAD2500707212 = {
			isa = PBXGroup;
			children = (
				277BD5682AFCAD2500707212 /* SwiftyJson1 */,
				277BD5672AFCAD2500707212 /* Products */,
			);
			sourceTree = "<group>";
		};
		277BD5672AFCAD2500707212 /* Products */ = {
			isa = PBXGroup;
			children = (
				277BD5662AFCAD2500707212 /* SwiftyJson1.app */,
			);
			name = Products;
			sourceTree = "<group>";
		};
		277BD5682AFCAD2500707212 /* SwiftyJson1 */ = {
			isa = PBXGroup;
			children = (
				279FC91D2AFE14B5003D9993 /* Controller */,
				277BD5882AFCC4CE00707212 /* View */,
				277BD5852AFCC16D00707212 /* Model */,
				277BD5812AFCBC1F00707212 /* SwiftyJson */,
				277BD5692AFCAD2500707212 /* AppDelegate.swift */,
				277BD56B2AFCAD2500707212 /* SceneDelegate.swift */,
				277BD56F2AFCAD2500707212 /* Main.storyboard */,
				277BD5722AFCAD2A00707212 /* Assets.xcassets */,
				277BD5742AFCAD2A00707212 /* LaunchScreen.storyboard */,
				277BD5772AFCAD2A00707212 /* Info.plist */,
			);
			path = SwiftyJson1;
			sourceTree = "<group>";
		};
		277BD5812AFCBC1F00707212 /* SwiftyJson */ = {
			isa = PBXGroup;
			children = (
				277BD5822AFCBC7B00707212 /* SwiftyJSON.swift */,
			);
			path = SwiftyJson;
			sourceTree = "<group>";
		};
		277BD5852AFCC16D00707212 /* Model */ = {
			isa = PBXGroup;
			children = (
				277BD5862AFCC18C00707212 /* JsonModel.swift */,
			);
			path = Model;
			sourceTree = "<group>";
		};
		277BD5882AFCC4CE00707212 /* View */ = {
			isa = PBXGroup;
			children = (
				277BD5892AFCC4EC00707212 /* TableViewCell.swift */,
			);
			path = View;
			sourceTree = "<group>";
		};
		279FC91D2AFE14B5003D9993 /* Controller */ = {
			isa = PBXGroup;
			children = (
				277BD56D2AFCAD2500707212 /* ViewController.swift */,
				279FC91B2AFE1493003D9993 /* TableViewController.swift */,
			);
			path = Controller;
			sourceTree = "<group>";
		};
/* End PBXGroup section */

/* Begin PBXNativeTarget section */
		277BD5652AFCAD2500707212 /* SwiftyJson1 */ = {
			isa = PBXNativeTarget;
			buildConfigurationList = 277BD57A2AFCAD2A00707212 /* Build configuration list for PBXNativeTarget "SwiftyJson1" */;
			buildPhases = (
				277BD5622AFCAD2500707212 /* Sources */,
				277BD5632AFCAD2500707212 /* Frameworks */,
				277BD5642AFCAD2500707212 /* Resources */,
			);
			buildRules = (
			);
			dependencies = (
			);
			name = SwiftyJson1;
			productName = SwiftyJson1;
			productReference = 277BD5662AFCAD2500707212 /* SwiftyJson1.app */;
			productType = "com.apple.product-type.application";
		};
/* End PBXNativeTarget section */

/* Begin PBXProject section */
		277BD55E2AFCAD2500707212 /* Project object */ = {
			isa = PBXProject;
			attributes = {
				BuildIndependentTargetsInParallel = 1;
				LastSwiftUpdateCheck = 1500;
				LastUpgradeCheck = 1500;
				TargetAttributes = {
					277BD5652AFCAD2500707212 = {
						CreatedOnToolsVersion = 15.0.1;
					};
				};
			};
			buildConfigurationList = 277BD5612AFCAD2500707212 /* Build configuration list for PBXProject "SwiftyJson1" */;
			compatibilityVersion = "Xcode 14.0";
			developmentRegion = en;
			hasScannedForEncodings = 0;
			knownRegions = (
				en,
				Base,
			);
			mainGroup = 277BD55D2AFCAD2500707212;
			productRefGroup = 277BD5672AFCAD2500707212 /* Products */;
			projectDirPath = "";
			projectRoot = "";
			targets = (
				277BD5652AFCAD2500707212 /* SwiftyJson1 */,
			);
		};
/* End PBXProject section */

/* Begin PBXResourcesBuildPhase section */
		277BD5642AFCAD2500707212 /* Resources */ = {
			isa = PBXResourcesBuildPhase;
			buildActionMask = 2147483647;
			files = (
				277BD5762AFCAD2A00707212 /* LaunchScreen.storyboard in Resources */,
				277BD5732AFCAD2A00707212 /* Assets.xcassets in Resources */,
				277BD5712AFCAD2500707212 /* Main.storyboard in Resources */,
			);
			runOnlyForDeploymentPostprocessing = 0;
		};
/* End PBXResourcesBuildPhase section */

/* Begin PBXSourcesBuildPhase section */
		277BD5622AFCAD2500707212 /* Sources */ = {
			isa = PBXSourcesBuildPhase;
			buildActionMask = 2147483647;
			files = (
				277BD5872AFCC18C00707212 /* JsonModel.swift in Sources */,
				277BD56E2AFCAD2500707212 /* ViewController.swift in Sources */,
				277BD56A2AFCAD2500707212 /* AppDelegate.swift in Sources */,
				279FC91C2AFE1493003D9993 /* TableViewController.swift in Sources */,
				277BD58A2AFCC4EC00707212 /* TableViewCell.swift in Sources */,
				277BD56C2AFCAD2500707212 /* SceneDelegate.swift in Sources */,
				277BD5832AFCBC7B00707212 /* SwiftyJSON.swift in Sources */,
			);
			runOnlyForDeploymentPostprocessing = 0;
		};
/* End PBXSourcesBuildPhase section */

/* Begin PBXVariantGroup section */
		277BD56F2AFCAD2500707212 /* Main.storyboard */ = {
			isa = PBXVariantGroup;
			children = (
				277BD5702AFCAD2500707212 /* Base */,
			);
			name = Main.storyboard;
			sourceTree = "<group>";
		};
		277BD5742AFCAD2A00707212 /* LaunchScreen.storyboard */ = {
			isa = PBXVariantGroup;
			children = (
				277BD5752AFCAD2A00707212 /* Base */,
			);
			name = LaunchScreen.storyboard;
			sourceTree = "<group>";
		};
/* End PBXVariantGroup section */

/* Begin XCBuildConfiguration section */
		277BD5782AFCAD2A00707212 /* Debug */ = {
			isa = XCBuildConfiguration;
			buildSettings = {
				ALWAYS_SEARCH_USER_PATHS = NO;
				ASSETCATALOG_COMPILER_GENERATE_SWIFT_ASSET_SYMBOL_EXTENSIONS = YES;
				CLANG_ANALYZER_NONNULL = YES;
				CLANG_ANALYZER_NUMBER_OBJECT_CONVERSION = YES_AGGRESSIVE;
				CLANG_CXX_LANGUAGE_STANDARD = "gnu++20";
				CLANG_ENABLE_MODULES = YES;
				CLANG_ENABLE_OBJC_ARC = YES;
				CLANG_ENABLE_OBJC_WEAK = YES;
				CLANG_WARN_BLOCK_CAPTURE_AUTORELEASING = YES;
				CLANG_WARN_BOOL_CONVERSION = YES;
				CLANG_WARN_COMMA = YES;
				CLANG_WARN_CONSTANT_CONVERSION = YES;
				CLANG_WARN_DEPRECATED_OBJC_IMPLEMENTATIONS = YES;
				CLANG_WARN_DIRECT_OBJC_ISA_USAGE = YES_ERROR;
				CLANG_WARN_DOCUMENTATION_COMMENTS = YES;
				CLANG_WARN_EMPTY_BODY = YES;
				CLANG_WARN_ENUM_CONVERSION = YES;
				CLANG_WARN_INFINITE_RECURSION = YES;
				CLANG_WARN_INT_CONVERSION = YES;
				CLANG_WARN_NON_LITERAL_NULL_CONVERSION = YES;
				CLANG_WARN_OBJC_IMPLICIT_RETAIN_SELF = YES;
				CLANG_WARN_OBJC_LITERAL_CONVERSION = YES;
				CLANG_WARN_OBJC_ROOT_CLASS = YES_ERROR;
				CLANG_WARN_QUOTED_INCLUDE_IN_FRAMEWORK_HEADER = YES;
				CLANG_WARN_RANGE_LOOP_ANALYSIS = YES;
				CLANG_WARN_STRICT_PROTOTYPES = YES;
				CLANG_WARN_SUSPICIOUS_MOVE = YES;
				CLANG_WARN_UNGUARDED_AVAILABILITY = YES_AGGRESSIVE;
				CLANG_WARN_UNREACHABLE_CODE = YES;
				CLANG_WARN__DUPLICATE_METHOD_MATCH = YES;
				COPY_PHASE_STRIP = NO;
				DEBUG_INFORMATION_FORMAT = dwarf;
				ENABLE_STRICT_OBJC_MSGSEND = YES;
				ENABLE_TESTABILITY = YES;
				ENABLE_USER_SCRIPT_SANDBOXING = YES;
				GCC_C_LANGUAGE_STANDARD = gnu17;
				GCC_DYNAMIC_NO_PIC = NO;
				GCC_NO_COMMON_BLOCKS = YES;
				GCC_OPTIMIZATION_LEVEL = 0;
				GCC_PREPROCESSOR_DEFINITIONS = (
					"DEBUG=1",
					"$(inherited)",
				);
				GCC_WARN_64_TO_32_BIT_CONVERSION = YES;
				GCC_WARN_ABOUT_RETURN_TYPE = YES_ERROR;
				GCC_WARN_UNDECLARED_SELECTOR = YES;
				GCC_WARN_UNINITIALIZED_AUTOS = YES_AGGRESSIVE;
				GCC_WARN_UNUSED_FUNCTION = YES;
				GCC_WARN_UNUSED_VARIABLE = YES;
				IPHONEOS_DEPLOYMENT_TARGET = 17.0;
				LOCALIZATION_PREFERS_STRING_CATALOGS = YES;
				MTL_ENABLE_DEBUG_INFO = INCLUDE_SOURCE;
				MTL_FAST_MATH = YES;
				ONLY_ACTIVE_ARCH = YES;
				SDKROOT = iphoneos;
				SWIFT_ACTIVE_COMPILATION_CONDITIONS = "DEBUG $(inherited)";
				SWIFT_OPTIMIZATION_LEVEL = "-Onone";
			};
			name = Debug;
		};
		277BD5792AFCAD2A00707212 /* Release */ = {
			isa = XCBuildConfiguration;
			buildSettings = {
				ALWAYS_SEARCH_USER_PATHS = NO;
				ASSETCATALOG_COMPILER_GENERATE_SWIFT_ASSET_SYMBOL_EXTENSIONS = YES;
				CLANG_ANALYZER_NONNULL = YES;
				CLANG_ANALYZER_NUMBER_OBJECT_CONVERSION = YES_AGGRESSIVE;
				CLANG_CXX_LANGUAGE_STANDARD = "gnu++20";
				CLANG_ENABLE_MODULES = YES;
				CLANG_ENABLE_OBJC_ARC = YES;
				CLANG_ENABLE_OBJC_WEAK = YES;
				CLANG_WARN_BLOCK_CAPTURE_AUTORELEASING = YES;
				CLANG_WARN_BOOL_CONVERSION = YES;
				CLANG_WARN_COMMA = YES;
				CLANG_WARN_CONSTANT_CONVERSION = YES;
				CLANG_WARN_DEPRECATED_OBJC_IMPLEMENTATIONS = YES;
				CLANG_WARN_DIRECT_OBJC_ISA_USAGE = YES_ERROR;
				CLANG_WARN_DOCUMENTATION_COMMENTS = YES;
				CLANG_WARN_EMPTY_BODY = YES;
				CLANG_WARN_ENUM_CONVERSION = YES;
				CLANG_WARN_INFINITE_RECURSION = YES;
				CLANG_WARN_INT_CONVERSION = YES;
				CLANG_WARN_NON_LITERAL_NULL_CONVERSION = YES;
				CLANG_WARN_OBJC_IMPLICIT_RETAIN_SELF = YES;
				CLANG_WARN_OBJC_LITERAL_CONVERSION = YES;
				CLANG_WARN_OBJC_ROOT_CLASS = YES_ERROR;
				CLANG_WARN_QUOTED_INCLUDE_IN_FRAMEWORK_HEADER = YES;
				CLANG_WARN_RANGE_LOOP_ANALYSIS = YES;
				CLANG_WARN_STRICT_PROTOTYPES = YES;
				CLANG_WARN_SUSPICIOUS_MOVE = YES;
				CLANG_WARN_UNGUARDED_AVAILABILITY = YES_AGGRESSIVE;
				CLANG_WARN_UNREACHABLE_CODE = YES;
				CLANG_WARN__DUPLICATE_METHOD_MATCH = YES;
				COPY_PHASE_STRIP = NO;
				DEBUG_INFORMATION_FORMAT = "dwarf-with-dsym";
				ENABLE_NS_ASSERTIONS = NO;
				ENABLE_STRICT_OBJC_MSGSEND = YES;
				ENABLE_USER_SCRIPT_SANDBOXING = YES;
				GCC_C_LANGUAGE_STANDARD = gnu17;
				GCC_NO_COMMON_BLOCKS = YES;
				GCC_WARN_64_TO_32_BIT_CONVERSION = YES;
				GCC_WARN_ABOUT_RETURN_TYPE = YES_ERROR;
				GCC_WARN_UNDECLARED_SELECTOR = YES;
				GCC_WARN_UNINITIALIZED_AUTOS = YES_AGGRESSIVE;
				GCC_WARN_UNUSED_FUNCTION = YES;
				GCC_WARN_UNUSED_VARIABLE = YES;
				IPHONEOS_DEPLOYMENT_TARGET = 17.0;
				LOCALIZATION_PREFERS_STRING_CATALOGS = YES;
				MTL_ENABLE_DEBUG_INFO = NO;
				MTL_FAST_MATH = YES;
				SDKROOT = iphoneos;
				SWIFT_COMPILATION_MODE = wholemodule;
				VALIDATE_PRODUCT = YES;
			};
			name = Release;
		};
		277BD57B2AFCAD2A00707212 /* Debug */ = {
			isa = XCBuildConfiguration;
			buildSettings = {
				ASSETCATALOG_COMPILER_APPICON_NAME = AppIcon;
				ASSETCATALOG_COMPILER_GLOBAL_ACCENT_COLOR_NAME = AccentColor;
				CODE_SIGN_STYLE = Automatic;
				CURRENT_PROJECT_VERSION = 1;
				GENERATE_INFOPLIST_FILE = YES;
				INFOPLIST_FILE = SwiftyJson1/Info.plist;
				INFOPLIST_KEY_UIApplicationSupportsIndirectInputEvents = YES;
				INFOPLIST_KEY_UILaunchStoryboardName = LaunchScreen;
				INFOPLIST_KEY_UIMainStoryboardFile = Main;
				INFOPLIST_KEY_UISupportedInterfaceOrientations_iPad = "UIInterfaceOrientationPortrait UIInterfaceOrientationPortraitUpsideDown UIInterfaceOrientationLandscapeLeft UIInterfaceOrientationLandscapeRight";
				INFOPLIST_KEY_UISupportedInterfaceOrientations_iPhone = "UIInterfaceOrientationPortrait UIInterfaceOrientationLandscapeLeft UIInterfaceOrientationLandscapeRight";
				LD_RUNPATH_SEARCH_PATHS = (
					"$(inherited)",
					"@executable_path/Frameworks",
				);
				MARKETING_VERSION = 1.0;
				PRODUCT_BUNDLE_IDENTIFIER = com.SocketIODemo.SwiftyJson1;
				PRODUCT_NAME = "$(TARGET_NAME)";
				SWIFT_EMIT_LOC_STRINGS = YES;
				SWIFT_VERSION = 5.0;
				TARGETED_DEVICE_FAMILY = "1,2";
			};
			name = Debug;
		};
		277BD57C2AFCAD2A00707212 /* Release */ = {
			isa = XCBuildConfiguration;
			buildSettings = {
				ASSETCATALOG_COMPILER_APPICON_NAME = AppIcon;
				ASSETCATALOG_COMPILER_GLOBAL_ACCENT_COLOR_NAME = AccentColor;
				CODE_SIGN_STYLE = Automatic;
				CURRENT_PROJECT_VERSION = 1;
				GENERATE_INFOPLIST_FILE = YES;
				INFOPLIST_FILE = SwiftyJson1/Info.plist;
				INFOPLIST_KEY_UIApplicationSupportsIndirectInputEvents = YES;
				INFOPLIST_KEY_UILaunchStoryboardName = LaunchScreen;
				INFOPLIST_KEY_UIMainStoryboardFile = Main;
				INFOPLIST_KEY_UISupportedInterfaceOrientations_iPad = "UIInterfaceOrientationPortrait UIInterfaceOrientationPortraitUpsideDown UIInterfaceOrientationLandscapeLeft UIInterfaceOrientationLandscapeRight";
				INFOPLIST_KEY_UISupportedInterfaceOrientations_iPhone = "UIInterfaceOrientationPortrait UIInterfaceOrientationLandscapeLeft UIInterfaceOrientationLandscapeRight";
				LD_RUNPATH_SEARCH_PATHS = (
					"$(inherited)",
					"@executable_path/Frameworks",
				);
				MARKETING_VERSION = 1.0;
				PRODUCT_BUNDLE_IDENTIFIER = com.SocketIODemo.SwiftyJson1;
				PRODUCT_NAME = "$(TARGET_NAME)";
				SWIFT_EMIT_LOC_STRINGS = YES;
				SWIFT_VERSION = 5.0;
				TARGETED_DEVICE_FAMILY = "1,2";
			};
			name = Release;
		};
/* End XCBuildConfiguration section */

/* Begin XCConfigurationList section */
		277BD5612AFCAD2500707212 /* Build configuration list for PBXProject "SwiftyJson1" */ = {
			isa = XCConfigurationList;
			buildConfigurations = (
				277BD5782AFCAD2A00707212 /* Debug */,
				277BD5792AFCAD2A00707212 /* Release */,
			);
			defaultConfigurationIsVisible = 0;
			defaultConfigurationName = Release;
		};
		277BD57A2AFCAD2A00707212 /* Build configuration list for PBXNativeTarget "SwiftyJson1" */ = {
			isa = XCConfigurationList;
			buildConfigurations = (
				277BD57B2AFCAD2A00707212 /* Debug */,
				277BD57C2AFCAD2A00707212 /* Release */,
			);
			defaultConfigurationIsVisible = 0;
			defaultConfigurationName = Release;
		};
/* End XCConfigurationList section */
	};
	rootObject = 277BD55E2AFCAD2500707212 /* Project object */;
}
