// !$*UTF8*$!
{
	archiveVersion = 1;
	classes = {
	};
	objectVersion = 56;
	objects = {

/* Begin PBXBuildFile section */
		276D80A52AB8598A0036A364 /* AppDelegate.swift in Sources */ = {isa = PBXBuildFile; fileRef = 276D80A42AB8598A0036A364 /* AppDelegate.swift */; };
		276D80A72AB8598A0036A364 /* SceneDelegate.swift in Sources */ = {isa = PBXBuildFile; fileRef = 276D80A62AB8598A0036A364 /* SceneDelegate.swift */; };
		276D80A92AB8598A0036A364 /* ViewController.swift in Sources */ = {isa = PBXBuildFile; fileRef = 276D80A82AB8598A0036A364 /* ViewController.swift */; };
		276D80AC2AB8598A0036A364 /* Main.storyboard in Resources */ = {isa = PBXBuildFile; fileRef = 276D80AA2AB8598A0036A364 /* Main.storyboard */; };
		276D80AE2AB8598D0036A364 /* Assets.xcassets in Resources */ = {isa = PBXBuildFile; fileRef = 276D80AD2AB8598D0036A364 /* Assets.xcassets */; };
		276D80B12AB8598D0036A364 /* LaunchScreen.storyboard in Resources */ = {isa = PBXBuildFile; fileRef = 276D80AF2AB8598D0036A364 /* LaunchScreen.storyboard */; };
		276D80B92AB85A5A0036A364 /* MyTableViewCell.swift in Sources */ = {isa = PBXBuildFile; fileRef = 276D80B82AB85A5A0036A364 /* MyTableViewCell.swift */; };
		276D80BB2AB85C2C0036A364 /* MyCollectionViewCell.swift in Sources */ = {isa = PBXBuildFile; fileRef = 276D80BA2AB85C2C0036A364 /* MyCollectionViewCell.swift */; };
		276D80BD2AB85D5C0036A364 /* entertainmentApp.swift in Sources */ = {isa = PBXBuildFile; fileRef = 276D80BC2AB85D5C0036A364 /* entertainmentApp.swift */; };
/* End PBXBuildFile section */

/* Begin PBXFileReference section */
		276D80A12AB8598A0036A364 /* CollectionViewWithTableViewfirst.app */ = {isa = PBXFileReference; explicitFileType = wrapper.application; includeInIndex = 0; path = CollectionViewWithTableViewfirst.app; sourceTree = BUILT_PRODUCTS_DIR; };
		276D80A42AB8598A0036A364 /* AppDelegate.swift */ = {isa = PBXFileReference; lastKnownFileType = sourcecode.swift; path = AppDelegate.swift; sourceTree = "<group>"; };
		276D80A62AB8598A0036A364 /* SceneDelegate.swift */ = {isa = PBXFileReference; lastKnownFileType = sourcecode.swift; path = SceneDelegate.swift; sourceTree = "<group>"; };
		276D80A82AB8598A0036A364 /* ViewController.swift */ = {isa = PBXFileReference; lastKnownFileType = sourcecode.swift; path = ViewController.swift; sourceTree = "<group>"; };
		276D80AB2AB8598A0036A364 /* Base */ = {isa = PBXFileReference; lastKnownFileType = file.storyboard; name = Base; path = Base.lproj/Main.storyboard; sourceTree = "<group>"; };
		276D80AD2AB8598D0036A364 /* Assets.xcassets */ = {isa = PBXFileReference; lastKnownFileType = folder.assetcatalog; path = Assets.xcassets; sourceTree = "<group>"; };
		276D80B02AB8598D0036A364 /* Base */ = {isa = PBXFileReference; lastKnownFileType = file.storyboard; name = Base; path = Base.lproj/LaunchScreen.storyboard; sourceTree = "<group>"; };
		276D80B22AB8598D0036A364 /* Info.plist */ = {isa = PBXFileReference; lastKnownFileType = text.plist.xml; path = Info.plist; sourceTree = "<group>"; };
		276D80B82AB85A5A0036A364 /* MyTableViewCell.swift */ = {isa = PBXFileReference; lastKnownFileType = sourcecode.swift; path = MyTableViewCell.swift; sourceTree = "<group>"; };
		276D80BA2AB85C2C0036A364 /* MyCollectionViewCell.swift */ = {isa = PBXFileReference; lastKnownFileType = sourcecode.swift; path = MyCollectionViewCell.swift; sourceTree = "<group>"; };
		276D80BC2AB85D5C0036A364 /* entertainmentApp.swift */ = {isa = PBXFileReference; lastKnownFileType = sourcecode.swift; path = entertainmentApp.swift; sourceTree = "<group>"; };
/* End PBXFileReference section */

/* Begin PBXFrameworksBuildPhase section */
		276D809E2AB8598A0036A364 /* Frameworks */ = {
			isa = PBXFrameworksBuildPhase;
			buildActionMask = 2147483647;
			files = (
			);
			runOnlyForDeploymentPostprocessing = 0;
		};
/* End PBXFrameworksBuildPhase section */

/* Begin PBXGroup section */
		276D80982AB8598A0036A364 = {
			isa = PBXGroup;
			children = (
				276D80A32AB8598A0036A364 /* CollectionViewWithTableViewfirst */,
				276D80A22AB8598A0036A364 /* Products */,
			);
			sourceTree = "<group>";
		};
		276D80A22AB8598A0036A364 /* Products */ = {
			isa = PBXGroup;
			children = (
				276D80A12AB8598A0036A364 /* CollectionViewWithTableViewfirst.app */,
			);
			name = Products;
			sourceTree = "<group>";
		};
		276D80A32AB8598A0036A364 /* CollectionViewWithTableViewfirst */ = {
			isa = PBXGroup;
			children = (
				276D80A42AB8598A0036A364 /* AppDelegate.swift */,
				276D80A62AB8598A0036A364 /* SceneDelegate.swift */,
				276D80A82AB8598A0036A364 /* ViewController.swift */,
				276D80AA2AB8598A0036A364 /* Main.storyboard */,
				276D80B82AB85A5A0036A364 /* MyTableViewCell.swift */,
				276D80BC2AB85D5C0036A364 /* entertainmentApp.swift */,
				276D80AD2AB8598D0036A364 /* Assets.xcassets */,
				276D80AF2AB8598D0036A364 /* LaunchScreen.storyboard */,
				276D80B22AB8598D0036A364 /* Info.plist */,
				276D80BA2AB85C2C0036A364 /* MyCollectionViewCell.swift */,
			);
			path = CollectionViewWithTableViewfirst;
			sourceTree = "<group>";
		};
/* End PBXGroup section */

/* Begin PBXNativeTarget section */
		276D80A02AB8598A0036A364 /* CollectionViewWithTableViewfirst */ = {
			isa = PBXNativeTarget;
			buildConfigurationList = 276D80B52AB8598D0036A364 /* Build configuration list for PBXNativeTarget "CollectionViewWithTableViewfirst" */;
			buildPhases = (
				276D809D2AB8598A0036A364 /* Sources */,
				276D809E2AB8598A0036A364 /* Frameworks */,
				276D809F2AB8598A0036A364 /* Resources */,
			);
			buildRules = (
			);
			dependencies = (
			);
			name = CollectionViewWithTableViewfirst;
			productName = CollectionViewWithTableViewfirst;
			productReference = 276D80A12AB8598A0036A364 /* CollectionViewWithTableViewfirst.app */;
			productType = "com.apple.product-type.application";
		};
/* End PBXNativeTarget section */

/* Begin PBXProject section */
		276D80992AB8598A0036A364 /* Project object */ = {
			isa = PBXProject;
			attributes = {
				BuildIndependentTargetsInParallel = 1;
				LastSwiftUpdateCheck = 1430;
				LastUpgradeCheck = 1430;
				TargetAttributes = {
					276D80A02AB8598A0036A364 = {
						CreatedOnToolsVersion = 14.3.1;
					};
				};
			};
			buildConfigurationList = 276D809C2AB8598A0036A364 /* Build configuration list for PBXProject "CollectionViewWithTableViewfirst" */;
			compatibilityVersion = "Xcode 14.0";
			developmentRegion = en;
			hasScannedForEncodings = 0;
			knownRegions = (
				en,
				Base,
			);
			mainGroup = 276D80982AB8598A0036A364;
			productRefGroup = 276D80A22AB8598A0036A364 /* Products */;
			projectDirPath = "";
			projectRoot = "";
			targets = (
				276D80A02AB8598A0036A364 /* CollectionViewWithTableViewfirst */,
			);
		};
/* End PBXProject section */

/* Begin PBXResourcesBuildPhase section */
		276D809F2AB8598A0036A364 /* Resources */ = {
			isa = PBXResourcesBuildPhase;
			buildActionMask = 2147483647;
			files = (
				276D80B12AB8598D0036A364 /* LaunchScreen.storyboard in Resources */,
				276D80AE2AB8598D0036A364 /* Assets.xcassets in Resources */,
				276D80AC2AB8598A0036A364 /* Main.storyboard in Resources */,
			);
			runOnlyForDeploymentPostprocessing = 0;
		};
/* End PBXResourcesBuildPhase section */

/* Begin PBXSourcesBuildPhase section */
		276D809D2AB8598A0036A364 /* Sources */ = {
			isa = PBXSourcesBuildPhase;
			buildActionMask = 2147483647;
			files = (
				276D80A92AB8598A0036A364 /* ViewController.swift in Sources */,
				276D80BB2AB85C2C0036A364 /* MyCollectionViewCell.swift in Sources */,
				276D80BD2AB85D5C0036A364 /* entertainmentApp.swift in Sources */,
				276D80B92AB85A5A0036A364 /* MyTableViewCell.swift in Sources */,
				276D80A52AB8598A0036A364 /* AppDelegate.swift in Sources */,
				276D80A72AB8598A0036A364 /* SceneDelegate.swift in Sources */,
			);
			runOnlyForDeploymentPostprocessing = 0;
		};
/* End PBXSourcesBuildPhase section */

/* Begin PBXVariantGroup section */
		276D80AA2AB8598A0036A364 /* Main.storyboard */ = {
			isa = PBXVariantGroup;
			children = (
				276D80AB2AB8598A0036A364 /* Base */,
			);
			name = Main.storyboard;
			sourceTree = "<group>";
		};
		276D80AF2AB8598D0036A364 /* LaunchScreen.storyboard */ = {
			isa = PBXVariantGroup;
			children = (
				276D80B02AB8598D0036A364 /* Base */,
			);
			name = LaunchScreen.storyboard;
			sourceTree = "<group>";
		};
/* End PBXVariantGroup section */

/* Begin XCBuildConfiguration section */
		276D80B32AB8598D0036A364 /* Debug */ = {
			isa = XCBuildConfiguration;
			buildSettings = {
				ALWAYS_SEARCH_USER_PATHS = NO;
				CLANG_ANALYZER_NONNULL = YES;
				CLANG_ANALYZER_NUMBER_OBJECT_CONVERSION = YES_AGGRESSIVE;
				CLANG_CXX_LANGUAGE_STANDARD = "gnu++20";
				CLANG_ENABLE_MODULES = YES;
				CLANG_ENABLE_OBJC_ARC = YES;
				CLANG_ENABLE_OBJC_WEAK = YES;
				CLANG_WARN_BLOCK_CAPTURE_AUTORELEASING = YES;
				CLANG_WARN_BOOL_CONVERSION = YES;
				CLANG_WARN_COMMA = YES;
				CLANG_WARN_CONSTANT_CONVERSION = YES;
				CLANG_WARN_DEPRECATED_OBJC_IMPLEMENTATIONS = YES;
				CLANG_WARN_DIRECT_OBJC_ISA_USAGE = YES_ERROR;
				CLANG_WARN_DOCUMENTATION_COMMENTS = YES;
				CLANG_WARN_EMPTY_BODY = YES;
				CLANG_WARN_ENUM_CONVERSION = YES;
				CLANG_WARN_INFINITE_RECURSION = YES;
				CLANG_WARN_INT_CONVERSION = YES;
				CLANG_WARN_NON_LITERAL_NULL_CONVERSION = YES;
				CLANG_WARN_OBJC_IMPLICIT_RETAIN_SELF = YES;
				CLANG_WARN_OBJC_LITERAL_CONVERSION = YES;
				CLANG_WARN_OBJC_ROOT_CLASS = YES_ERROR;
				CLANG_WARN_QUOTED_INCLUDE_IN_FRAMEWORK_HEADER = YES;
				CLANG_WARN_RANGE_LOOP_ANALYSIS = YES;
				CLANG_WARN_STRICT_PROTOTYPES = YES;
				CLANG_WARN_SUSPICIOUS_MOVE = YES;
				CLANG_WARN_UNGUARDED_AVAILABILITY = YES_AGGRESSIVE;
				CLANG_WARN_UNREACHABLE_CODE = YES;
				CLANG_WARN__DUPLICATE_METHOD_MATCH = YES;
				COPY_PHASE_STRIP = NO;
				DEBUG_INFORMATION_FORMAT = dwarf;
				ENABLE_STRICT_OBJC_MSGSEND = YES;
				ENABLE_TESTABILITY = YES;
				GCC_C_LANGUAGE_STANDARD = gnu11;
				GCC_DYNAMIC_NO_PIC = NO;
				GCC_NO_COMMON_BLOCKS = YES;
				GCC_OPTIMIZATION_LEVEL = 0;
				GCC_PREPROCESSOR_DEFINITIONS = (
					"DEBUG=1",
					"$(inherited)",
				);
				GCC_WARN_64_TO_32_BIT_CONVERSION = YES;
				GCC_WARN_ABOUT_RETURN_TYPE = YES_ERROR;
				GCC_WARN_UNDECLARED_SELECTOR = YES;
				GCC_WARN_UNINITIALIZED_AUTOS = YES_AGGRESSIVE;
				GCC_WARN_UNUSED_FUNCTION = YES;
				GCC_WARN_UNUSED_VARIABLE = YES;
				IPHONEOS_DEPLOYMENT_TARGET = 16.4;
				MTL_ENABLE_DEBUG_INFO = INCLUDE_SOURCE;
				MTL_FAST_MATH = YES;
				ONLY_ACTIVE_ARCH = YES;
				SDKROOT = iphoneos;
				SWIFT_ACTIVE_COMPILATION_CONDITIONS = DEBUG;
				SWIFT_OPTIMIZATION_LEVEL = "-Onone";
			};
			name = Debug;
		};
		276D80B42AB8598D0036A364 /* Release */ = {
			isa = XCBuildConfiguration;
			buildSettings = {
				ALWAYS_SEARCH_USER_PATHS = NO;
				CLANG_ANALYZER_NONNULL = YES;
				CLANG_ANALYZER_NUMBER_OBJECT_CONVERSION = YES_AGGRESSIVE;
				CLANG_CXX_LANGUAGE_STANDARD = "gnu++20";
				CLANG_ENABLE_MODULES = YES;
				CLANG_ENABLE_OBJC_ARC = YES;
				CLANG_ENABLE_OBJC_WEAK = YES;
				CLANG_WARN_BLOCK_CAPTURE_AUTORELEASING = YES;
				CLANG_WARN_BOOL_CONVERSION = YES;
				CLANG_WARN_COMMA = YES;
				CLANG_WARN_CONSTANT_CONVERSION = YES;
				CLANG_WARN_DEPRECATED_OBJC_IMPLEMENTATIONS = YES;
				CLANG_WARN_DIRECT_OBJC_ISA_USAGE = YES_ERROR;
				CLANG_WARN_DOCUMENTATION_COMMENTS = YES;
				CLANG_WARN_EMPTY_BODY = YES;
				CLANG_WARN_ENUM_CONVERSION = YES;
				CLANG_WARN_INFINITE_RECURSION = YES;
				CLANG_WARN_INT_CONVERSION = YES;
				CLANG_WARN_NON_LITERAL_NULL_CONVERSION = YES;
				CLANG_WARN_OBJC_IMPLICIT_RETAIN_SELF = YES;
				CLANG_WARN_OBJC_LITERAL_CONVERSION = YES;
				CLANG_WARN_OBJC_ROOT_CLASS = YES_ERROR;
				CLANG_WARN_QUOTED_INCLUDE_IN_FRAMEWORK_HEADER = YES;
				CLANG_WARN_RANGE_LOOP_ANALYSIS = YES;
				CLANG_WARN_STRICT_PROTOTYPES = YES;
				CLANG_WARN_SUSPICIOUS_MOVE = YES;
				CLANG_WARN_UNGUARDED_AVAILABILITY = YES_AGGRESSIVE;
				CLANG_WARN_UNREACHABLE_CODE = YES;
				CLANG_WARN__DUPLICATE_METHOD_MATCH = YES;
				COPY_PHASE_STRIP = NO;
				DEBUG_INFORMATION_FORMAT = "dwarf-with-dsym";
				ENABLE_NS_ASSERTIONS = NO;
				ENABLE_STRICT_OBJC_MSGSEND = YES;
				GCC_C_LANGUAGE_STANDARD = gnu11;
				GCC_NO_COMMON_BLOCKS = YES;
				GCC_WARN_64_TO_32_BIT_CONVERSION = YES;
				GCC_WARN_ABOUT_RETURN_TYPE = YES_ERROR;
				GCC_WARN_UNDECLARED_SELECTOR = YES;
				GCC_WARN_UNINITIALIZED_AUTOS = YES_AGGRESSIVE;
				GCC_WARN_UNUSED_FUNCTION = YES;
				GCC_WARN_UNUSED_VARIABLE = YES;
				IPHONEOS_DEPLOYMENT_TARGET = 16.4;
				MTL_ENABLE_DEBUG_INFO = NO;
				MTL_FAST_MATH = YES;
				SDKROOT = iphoneos;
				SWIFT_COMPILATION_MODE = wholemodule;
				SWIFT_OPTIMIZATION_LEVEL = "-O";
				VALIDATE_PRODUCT = YES;
			};
			name = Release;
		};
		276D80B62AB8598D0036A364 /* Debug */ = {
			isa = XCBuildConfiguration;
			buildSettings = {
				ASSETCATALOG_COMPILER_APPICON_NAME = AppIcon;
				ASSETCATALOG_COMPILER_GLOBAL_ACCENT_COLOR_NAME = AccentColor;
				CODE_SIGN_STYLE = Automatic;
				CURRENT_PROJECT_VERSION = 1;
				GENERATE_INFOPLIST_FILE = YES;
				INFOPLIST_FILE = CollectionViewWithTableViewfirst/Info.plist;
				INFOPLIST_KEY_UIApplicationSupportsIndirectInputEvents = YES;
				INFOPLIST_KEY_UILaunchStoryboardName = LaunchScreen;
				INFOPLIST_KEY_UIMainStoryboardFile = Main;
				INFOPLIST_KEY_UISupportedInterfaceOrientations_iPad = "UIInterfaceOrientationPortrait UIInterfaceOrientationPortraitUpsideDown UIInterfaceOrientationLandscapeLeft UIInterfaceOrientationLandscapeRight";
				INFOPLIST_KEY_UISupportedInterfaceOrientations_iPhone = "UIInterfaceOrientationPortrait UIInterfaceOrientationLandscapeLeft UIInterfaceOrientationLandscapeRight";
				LD_RUNPATH_SEARCH_PATHS = (
					"$(inherited)",
					"@executable_path/Frameworks",
				);
				MARKETING_VERSION = 1.0;
				PRODUCT_BUNDLE_IDENTIFIER = com.SocketIODemo.CollectionViewWithTableViewfirst;
				PRODUCT_NAME = "$(TARGET_NAME)";
				SWIFT_EMIT_LOC_STRINGS = YES;
				SWIFT_VERSION = 5.0;
				TARGETED_DEVICE_FAMILY = "1,2";
			};
			name = Debug;
		};
		276D80B72AB8598D0036A364 /* Release */ = {
			isa = XCBuildConfiguration;
			buildSettings = {
				ASSETCATALOG_COMPILER_APPICON_NAME = AppIcon;
				ASSETCATALOG_COMPILER_GLOBAL_ACCENT_COLOR_NAME = AccentColor;
				CODE_SIGN_STYLE = Automatic;
				CURRENT_PROJECT_VERSION = 1;
				GENERATE_INFOPLIST_FILE = YES;
				INFOPLIST_FILE = CollectionViewWithTableViewfirst/Info.plist;
				INFOPLIST_KEY_UIApplicationSupportsIndirectInputEvents = YES;
				INFOPLIST_KEY_UILaunchStoryboardName = LaunchScreen;
				INFOPLIST_KEY_UIMainStoryboardFile = Main;
				INFOPLIST_KEY_UISupportedInterfaceOrientations_iPad = "UIInterfaceOrientationPortrait UIInterfaceOrientationPortraitUpsideDown UIInterfaceOrientationLandscapeLeft UIInterfaceOrientationLandscapeRight";
				INFOPLIST_KEY_UISupportedInterfaceOrientations_iPhone = "UIInterfaceOrientationPortrait UIInterfaceOrientationLandscapeLeft UIInterfaceOrientationLandscapeRight";
				LD_RUNPATH_SEARCH_PATHS = (
					"$(inherited)",
					"@executable_path/Frameworks",
				);
				MARKETING_VERSION = 1.0;
				PRODUCT_BUNDLE_IDENTIFIER = com.SocketIODemo.CollectionViewWithTableViewfirst;
				PRODUCT_NAME = "$(TARGET_NAME)";
				SWIFT_EMIT_LOC_STRINGS = YES;
				SWIFT_VERSION = 5.0;
				TARGETED_DEVICE_FAMILY = "1,2";
			};
			name = Release;
		};
/* End XCBuildConfiguration section */

/* Begin XCConfigurationList section */
		276D809C2AB8598A0036A364 /* Build configuration list for PBXProject "CollectionViewWithTableViewfirst" */ = {
			isa = XCConfigurationList;
			buildConfigurations = (
				276D80B32AB8598D0036A364 /* Debug */,
				276D80B42AB8598D0036A364 /* Release */,
			);
			defaultConfigurationIsVisible = 0;
			defaultConfigurationName = Release;
		};
		276D80B52AB8598D0036A364 /* Build configuration list for PBXNativeTarget "CollectionViewWithTableViewfirst" */ = {
			isa = XCConfigurationList;
			buildConfigurations = (
				276D80B62AB8598D0036A364 /* Debug */,
				276D80B72AB8598D0036A364 /* Release */,
			);
			defaultConfigurationIsVisible = 0;
			defaultConfigurationName = Release;
		};
/* End XCConfigurationList section */
	};
	rootObject = 276D80992AB8598A0036A364 /* Project object */;
}
