// !$*UTF8*$!
{
	archiveVersion = 1;
	classes = {
	};
	objectVersion = 56;
	objects = {

/* Begin PBXBuildFile section */
		277BD61F2AFCE3CC00707212 /* AppDelegate.swift in Sources */ = {isa = PBXBuildFile; fileRef = 277BD61E2AFCE3CC00707212 /* AppDelegate.swift */; };
		277BD6212AFCE3CC00707212 /* SceneDelegate.swift in Sources */ = {isa = PBXBuildFile; fileRef = 277BD6202AFCE3CC00707212 /* SceneDelegate.swift */; };
		277BD6232AFCE3CC00707212 /* ViewController.swift in Sources */ = {isa = PBXBuildFile; fileRef = 277BD6222AFCE3CC00707212 /* ViewController.swift */; };
		277BD6262AFCE3CC00707212 /* Main.storyboard in Resources */ = {isa = PBXBuildFile; fileRef = 277BD6242AFCE3CC00707212 /* Main.storyboard */; };
		277BD6282AFCE3D200707212 /* Assets.xcassets in Resources */ = {isa = PBXBuildFile; fileRef = 277BD6272AFCE3D200707212 /* Assets.xcassets */; };
		277BD62B2AFCE3D200707212 /* LaunchScreen.storyboard in Resources */ = {isa = PBXBuildFile; fileRef = 277BD6292AFCE3D200707212 /* LaunchScreen.storyboard */; };
		277BD6352AFCE42A00707212 /* SwiftyJSON.swift in Sources */ = {isa = PBXBuildFile; fileRef = 277BD6342AFCE42A00707212 /* SwiftyJSON.swift */; };
		277BD6392AFCE57C00707212 /* ModelJson.swift in Sources */ = {isa = PBXBuildFile; fileRef = 277BD6382AFCE57C00707212 /* ModelJson.swift */; };
		277BD63B2AFCEA0300707212 /* TableViewCell.swift in Sources */ = {isa = PBXBuildFile; fileRef = 277BD63A2AFCEA0300707212 /* TableViewCell.swift */; };
/* End PBXBuildFile section */

/* Begin PBXFileReference section */
		277BD61B2AFCE3CC00707212 /* SwiftyJson2.app */ = {isa = PBXFileReference; explicitFileType = wrapper.application; includeInIndex = 0; path = SwiftyJson2.app; sourceTree = BUILT_PRODUCTS_DIR; };
		277BD61E2AFCE3CC00707212 /* AppDelegate.swift */ = {isa = PBXFileReference; lastKnownFileType = sourcecode.swift; path = AppDelegate.swift; sourceTree = "<group>"; };
		277BD6202AFCE3CC00707212 /* SceneDelegate.swift */ = {isa = PBXFileReference; lastKnownFileType = sourcecode.swift; path = SceneDelegate.swift; sourceTree = "<group>"; };
		277BD6222AFCE3CC00707212 /* ViewController.swift */ = {isa = PBXFileReference; lastKnownFileType = sourcecode.swift; path = ViewController.swift; sourceTree = "<group>"; };
		277BD6252AFCE3CC00707212 /* Base */ = {isa = PBXFileReference; lastKnownFileType = file.storyboard; name = Base; path = Base.lproj/Main.storyboard; sourceTree = "<group>"; };
		277BD6272AFCE3D200707212 /* Assets.xcassets */ = {isa = PBXFileReference; lastKnownFileType = folder.assetcatalog; path = Assets.xcassets; sourceTree = "<group>"; };
		277BD62A2AFCE3D200707212 /* Base */ = {isa = PBXFileReference; lastKnownFileType = file.storyboard; name = Base; path = Base.lproj/LaunchScreen.storyboard; sourceTree = "<group>"; };
		277BD62C2AFCE3D200707212 /* Info.plist */ = {isa = PBXFileReference; lastKnownFileType = text.plist.xml; path = Info.plist; sourceTree = "<group>"; };
		277BD6342AFCE42A00707212 /* SwiftyJSON.swift */ = {isa = PBXFileReference; fileEncoding = 4; lastKnownFileType = sourcecode.swift; path = SwiftyJSON.swift; sourceTree = "<group>"; };
		277BD6382AFCE57C00707212 /* ModelJson.swift */ = {isa = PBXFileReference; lastKnownFileType = sourcecode.swift; path = ModelJson.swift; sourceTree = "<group>"; };
		277BD63A2AFCEA0300707212 /* TableViewCell.swift */ = {isa = PBXFileReference; lastKnownFileType = sourcecode.swift; path = TableViewCell.swift; sourceTree = "<group>"; };
/* End PBXFileReference section */

/* Begin PBXFrameworksBuildPhase section */
		277BD6182AFCE3CC00707212 /* Frameworks */ = {
			isa = PBXFrameworksBuildPhase;
			buildActionMask = 2147483647;
			files = (
			);
			runOnlyForDeploymentPostprocessing = 0;
		};
/* End PBXFrameworksBuildPhase section */

/* Begin PBXGroup section */
		277BD6122AFCE3CC00707212 = {
			isa = PBXGroup;
			children = (
				277BD61D2AFCE3CC00707212 /* SwiftyJson2 */,
				277BD61C2AFCE3CC00707212 /* Products */,
			);
			sourceTree = "<group>";
		};
		277BD61C2AFCE3CC00707212 /* Products */ = {
			isa = PBXGroup;
			children = (
				277BD61B2AFCE3CC00707212 /* SwiftyJson2.app */,
			);
			name = Products;
			sourceTree = "<group>";
		};
		277BD61D2AFCE3CC00707212 /* SwiftyJson2 */ = {
			isa = PBXGroup;
			children = (
				277BD6372AFCE56500707212 /* View */,
				277BD6362AFCE55F00707212 /* Model */,
				277BD6322AFCE3DB00707212 /* SwiftyJson */,
				277BD61E2AFCE3CC00707212 /* AppDelegate.swift */,
				277BD6202AFCE3CC00707212 /* SceneDelegate.swift */,
				277BD6222AFCE3CC00707212 /* ViewController.swift */,
				277BD6242AFCE3CC00707212 /* Main.storyboard */,
				277BD6272AFCE3D200707212 /* Assets.xcassets */,
				277BD6292AFCE3D200707212 /* LaunchScreen.storyboard */,
				277BD62C2AFCE3D200707212 /* Info.plist */,
			);
			path = SwiftyJson2;
			sourceTree = "<group>";
		};
		277BD6322AFCE3DB00707212 /* SwiftyJson */ = {
			isa = PBXGroup;
			children = (
				277BD6342AFCE42A00707212 /* SwiftyJSON.swift */,
			);
			path = SwiftyJson;
			sourceTree = "<group>";
		};
		277BD6362AFCE55F00707212 /* Model */ = {
			isa = PBXGroup;
			children = (
				277BD6382AFCE57C00707212 /* ModelJson.swift */,
			);
			path = Model;
			sourceTree = "<group>";
		};
		277BD6372AFCE56500707212 /* View */ = {
			isa = PBXGroup;
			children = (
				277BD63A2AFCEA0300707212 /* TableViewCell.swift */,
			);
			path = View;
			sourceTree = "<group>";
		};
/* End PBXGroup section */

/* Begin PBXNativeTarget section */
		277BD61A2AFCE3CC00707212 /* SwiftyJson2 */ = {
			isa = PBXNativeTarget;
			buildConfigurationList = 277BD62F2AFCE3D200707212 /* Build configuration list for PBXNativeTarget "SwiftyJson2" */;
			buildPhases = (
				277BD6172AFCE3CC00707212 /* Sources */,
				277BD6182AFCE3CC00707212 /* Frameworks */,
				277BD6192AFCE3CC00707212 /* Resources */,
			);
			buildRules = (
			);
			dependencies = (
			);
			name = SwiftyJson2;
			productName = SwiftyJson2;
			productReference = 277BD61B2AFCE3CC00707212 /* SwiftyJson2.app */;
			productType = "com.apple.product-type.application";
		};
/* End PBXNativeTarget section */

/* Begin PBXProject section */
		277BD6132AFCE3CC00707212 /* Project object */ = {
			isa = PBXProject;
			attributes = {
				BuildIndependentTargetsInParallel = 1;
				LastSwiftUpdateCheck = 1500;
				LastUpgradeCheck = 1500;
				TargetAttributes = {
					277BD61A2AFCE3CC00707212 = {
						CreatedOnToolsVersion = 15.0.1;
					};
				};
			};
			buildConfigurationList = 277BD6162AFCE3CC00707212 /* Build configuration list for PBXProject "SwiftyJson2" */;
			compatibilityVersion = "Xcode 14.0";
			developmentRegion = en;
			hasScannedForEncodings = 0;
			knownRegions = (
				en,
				Base,
			);
			mainGroup = 277BD6122AFCE3CC00707212;
			productRefGroup = 277BD61C2AFCE3CC00707212 /* Products */;
			projectDirPath = "";
			projectRoot = "";
			targets = (
				277BD61A2AFCE3CC00707212 /* SwiftyJson2 */,
			);
		};
/* End PBXProject section */

/* Begin PBXResourcesBuildPhase section */
		277BD6192AFCE3CC00707212 /* Resources */ = {
			isa = PBXResourcesBuildPhase;
			buildActionMask = 2147483647;
			files = (
				277BD62B2AFCE3D200707212 /* LaunchScreen.storyboard in Resources */,
				277BD6282AFCE3D200707212 /* Assets.xcassets in Resources */,
				277BD6262AFCE3CC00707212 /* Main.storyboard in Resources */,
			);
			runOnlyForDeploymentPostprocessing = 0;
		};
/* End PBXResourcesBuildPhase section */

/* Begin PBXSourcesBuildPhase section */
		277BD6172AFCE3CC00707212 /* Sources */ = {
			isa = PBXSourcesBuildPhase;
			buildActionMask = 2147483647;
			files = (
				277BD6232AFCE3CC00707212 /* ViewController.swift in Sources */,
				277BD61F2AFCE3CC00707212 /* AppDelegate.swift in Sources */,
				277BD6212AFCE3CC00707212 /* SceneDelegate.swift in Sources */,
				277BD63B2AFCEA0300707212 /* TableViewCell.swift in Sources */,
				277BD6352AFCE42A00707212 /* SwiftyJSON.swift in Sources */,
				277BD6392AFCE57C00707212 /* ModelJson.swift in Sources */,
			);
			runOnlyForDeploymentPostprocessing = 0;
		};
/* End PBXSourcesBuildPhase section */

/* Begin PBXVariantGroup section */
		277BD6242AFCE3CC00707212 /* Main.storyboard */ = {
			isa = PBXVariantGroup;
			children = (
				277BD6252AFCE3CC00707212 /* Base */,
			);
			name = Main.storyboard;
			sourceTree = "<group>";
		};
		277BD6292AFCE3D200707212 /* LaunchScreen.storyboard */ = {
			isa = PBXVariantGroup;
			children = (
				277BD62A2AFCE3D200707212 /* Base */,
			);
			name = LaunchScreen.storyboard;
			sourceTree = "<group>";
		};
/* End PBXVariantGroup section */

/* Begin XCBuildConfiguration section */
		277BD62D2AFCE3D200707212 /* Debug */ = {
			isa = XCBuildConfiguration;
			buildSettings = {
				ALWAYS_SEARCH_USER_PATHS = NO;
				ASSETCATALOG_COMPILER_GENERATE_SWIFT_ASSET_SYMBOL_EXTENSIONS = YES;
				CLANG_ANALYZER_NONNULL = YES;
				CLANG_ANALYZER_NUMBER_OBJECT_CONVERSION = YES_AGGRESSIVE;
				CLANG_CXX_LANGUAGE_STANDARD = "gnu++20";
				CLANG_ENABLE_MODULES = YES;
				CLANG_ENABLE_OBJC_ARC = YES;
				CLANG_ENABLE_OBJC_WEAK = YES;
				CLANG_WARN_BLOCK_CAPTURE_AUTORELEASING = YES;
				CLANG_WARN_BOOL_CONVERSION = YES;
				CLANG_WARN_COMMA = YES;
				CLANG_WARN_CONSTANT_CONVERSION = YES;
				CLANG_WARN_DEPRECATED_OBJC_IMPLEMENTATIONS = YES;
				CLANG_WARN_DIRECT_OBJC_ISA_USAGE = YES_ERROR;
				CLANG_WARN_DOCUMENTATION_COMMENTS = YES;
				CLANG_WARN_EMPTY_BODY = YES;
				CLANG_WARN_ENUM_CONVERSION = YES;
				CLANG_WARN_INFINITE_RECURSION = YES;
				CLANG_WARN_INT_CONVERSION = YES;
				CLANG_WARN_NON_LITERAL_NULL_CONVERSION = YES;
				CLANG_WARN_OBJC_IMPLICIT_RETAIN_SELF = YES;
				CLANG_WARN_OBJC_LITERAL_CONVERSION = YES;
				CLANG_WARN_OBJC_ROOT_CLASS = YES_ERROR;
				CLANG_WARN_QUOTED_INCLUDE_IN_FRAMEWORK_HEADER = YES;
				CLANG_WARN_RANGE_LOOP_ANALYSIS = YES;
				CLANG_WARN_STRICT_PROTOTYPES = YES;
				CLANG_WARN_SUSPICIOUS_MOVE = YES;
				CLANG_WARN_UNGUARDED_AVAILABILITY = YES_AGGRESSIVE;
				CLANG_WARN_UNREACHABLE_CODE = YES;
				CLANG_WARN__DUPLICATE_METHOD_MATCH = YES;
				COPY_PHASE_STRIP = NO;
				DEBUG_INFORMATION_FORMAT = dwarf;
				ENABLE_STRICT_OBJC_MSGSEND = YES;
				ENABLE_TESTABILITY = YES;
				ENABLE_USER_SCRIPT_SANDBOXING = YES;
				GCC_C_LANGUAGE_STANDARD = gnu17;
				GCC_DYNAMIC_NO_PIC = NO;
				GCC_NO_COMMON_BLOCKS = YES;
				GCC_OPTIMIZATION_LEVEL = 0;
				GCC_PREPROCESSOR_DEFINITIONS = (
					"DEBUG=1",
					"$(inherited)",
				);
				GCC_WARN_64_TO_32_BIT_CONVERSION = YES;
				GCC_WARN_ABOUT_RETURN_TYPE = YES_ERROR;
				GCC_WARN_UNDECLARED_SELECTOR = YES;
				GCC_WARN_UNINITIALIZED_AUTOS = YES_AGGRESSIVE;
				GCC_WARN_UNUSED_FUNCTION = YES;
				GCC_WARN_UNUSED_VARIABLE = YES;
				IPHONEOS_DEPLOYMENT_TARGET = 17.0;
				LOCALIZATION_PREFERS_STRING_CATALOGS = YES;
				MTL_ENABLE_DEBUG_INFO = INCLUDE_SOURCE;
				MTL_FAST_MATH = YES;
				ONLY_ACTIVE_ARCH = YES;
				SDKROOT = iphoneos;
				SWIFT_ACTIVE_COMPILATION_CONDITIONS = "DEBUG $(inherited)";
				SWIFT_OPTIMIZATION_LEVEL = "-Onone";
			};
			name = Debug;
		};
		277BD62E2AFCE3D200707212 /* Release */ = {
			isa = XCBuildConfiguration;
			buildSettings = {
				ALWAYS_SEARCH_USER_PATHS = NO;
				ASSETCATALOG_COMPILER_GENERATE_SWIFT_ASSET_SYMBOL_EXTENSIONS = YES;
				CLANG_ANALYZER_NONNULL = YES;
				CLANG_ANALYZER_NUMBER_OBJECT_CONVERSION = YES_AGGRESSIVE;
				CLANG_CXX_LANGUAGE_STANDARD = "gnu++20";
				CLANG_ENABLE_MODULES = YES;
				CLANG_ENABLE_OBJC_ARC = YES;
				CLANG_ENABLE_OBJC_WEAK = YES;
				CLANG_WARN_BLOCK_CAPTURE_AUTORELEASING = YES;
				CLANG_WARN_BOOL_CONVERSION = YES;
				CLANG_WARN_COMMA = YES;
				CLANG_WARN_CONSTANT_CONVERSION = YES;
				CLANG_WARN_DEPRECATED_OBJC_IMPLEMENTATIONS = YES;
				CLANG_WARN_DIRECT_OBJC_ISA_USAGE = YES_ERROR;
				CLANG_WARN_DOCUMENTATION_COMMENTS = YES;
				CLANG_WARN_EMPTY_BODY = YES;
				CLANG_WARN_ENUM_CONVERSION = YES;
				CLANG_WARN_INFINITE_RECURSION = YES;
				CLANG_WARN_INT_CONVERSION = YES;
				CLANG_WARN_NON_LITERAL_NULL_CONVERSION = YES;
				CLANG_WARN_OBJC_IMPLICIT_RETAIN_SELF = YES;
				CLANG_WARN_OBJC_LITERAL_CONVERSION = YES;
				CLANG_WARN_OBJC_ROOT_CLASS = YES_ERROR;
				CLANG_WARN_QUOTED_INCLUDE_IN_FRAMEWORK_HEADER = YES;
				CLANG_WARN_RANGE_LOOP_ANALYSIS = YES;
				CLANG_WARN_STRICT_PROTOTYPES = YES;
				CLANG_WARN_SUSPICIOUS_MOVE = YES;
				CLANG_WARN_UNGUARDED_AVAILABILITY = YES_AGGRESSIVE;
				CLANG_WARN_UNREACHABLE_CODE = YES;
				CLANG_WARN__DUPLICATE_METHOD_MATCH = YES;
				COPY_PHASE_STRIP = NO;
				DEBUG_INFORMATION_FORMAT = "dwarf-with-dsym";
				ENABLE_NS_ASSERTIONS = NO;
				ENABLE_STRICT_OBJC_MSGSEND = YES;
				ENABLE_USER_SCRIPT_SANDBOXING = YES;
				GCC_C_LANGUAGE_STANDARD = gnu17;
				GCC_NO_COMMON_BLOCKS = YES;
				GCC_WARN_64_TO_32_BIT_CONVERSION = YES;
				GCC_WARN_ABOUT_RETURN_TYPE = YES_ERROR;
				GCC_WARN_UNDECLARED_SELECTOR = YES;
				GCC_WARN_UNINITIALIZED_AUTOS = YES_AGGRESSIVE;
				GCC_WARN_UNUSED_FUNCTION = YES;
				GCC_WARN_UNUSED_VARIABLE = YES;
				IPHONEOS_DEPLOYMENT_TARGET = 17.0;
				LOCALIZATION_PREFERS_STRING_CATALOGS = YES;
				MTL_ENABLE_DEBUG_INFO = NO;
				MTL_FAST_MATH = YES;
				SDKROOT = iphoneos;
				SWIFT_COMPILATION_MODE = wholemodule;
				VALIDATE_PRODUCT = YES;
			};
			name = Release;
		};
		277BD6302AFCE3D200707212 /* Debug */ = {
			isa = XCBuildConfiguration;
			buildSettings = {
				ASSETCATALOG_COMPILER_APPICON_NAME = AppIcon;
				ASSETCATALOG_COMPILER_GLOBAL_ACCENT_COLOR_NAME = AccentColor;
				CODE_SIGN_STYLE = Automatic;
				CURRENT_PROJECT_VERSION = 1;
				GENERATE_INFOPLIST_FILE = YES;
				INFOPLIST_FILE = SwiftyJson2/Info.plist;
				INFOPLIST_KEY_UIApplicationSupportsIndirectInputEvents = YES;
				INFOPLIST_KEY_UILaunchStoryboardName = LaunchScreen;
				INFOPLIST_KEY_UIMainStoryboardFile = Main;
				INFOPLIST_KEY_UISupportedInterfaceOrientations_iPad = "UIInterfaceOrientationPortrait UIInterfaceOrientationPortraitUpsideDown UIInterfaceOrientationLandscapeLeft UIInterfaceOrientationLandscapeRight";
				INFOPLIST_KEY_UISupportedInterfaceOrientations_iPhone = "UIInterfaceOrientationPortrait UIInterfaceOrientationLandscapeLeft UIInterfaceOrientationLandscapeRight";
				LD_RUNPATH_SEARCH_PATHS = (
					"$(inherited)",
					"@executable_path/Frameworks",
				);
				MARKETING_VERSION = 1.0;
				PRODUCT_BUNDLE_IDENTIFIER = com.SocketIODemo.SwiftyJson2;
				PRODUCT_NAME = "$(TARGET_NAME)";
				SWIFT_EMIT_LOC_STRINGS = YES;
				SWIFT_VERSION = 5.0;
				TARGETED_DEVICE_FAMILY = "1,2";
			};
			name = Debug;
		};
		277BD6312AFCE3D200707212 /* Release */ = {
			isa = XCBuildConfiguration;
			buildSettings = {
				ASSETCATALOG_COMPILER_APPICON_NAME = AppIcon;
				ASSETCATALOG_COMPILER_GLOBAL_ACCENT_COLOR_NAME = AccentColor;
				CODE_SIGN_STYLE = Automatic;
				CURRENT_PROJECT_VERSION = 1;
				GENERATE_INFOPLIST_FILE = YES;
				INFOPLIST_FILE = SwiftyJson2/Info.plist;
				INFOPLIST_KEY_UIApplicationSupportsIndirectInputEvents = YES;
				INFOPLIST_KEY_UILaunchStoryboardName = LaunchScreen;
				INFOPLIST_KEY_UIMainStoryboardFile = Main;
				INFOPLIST_KEY_UISupportedInterfaceOrientations_iPad = "UIInterfaceOrientationPortrait UIInterfaceOrientationPortraitUpsideDown UIInterfaceOrientationLandscapeLeft UIInterfaceOrientationLandscapeRight";
				INFOPLIST_KEY_UISupportedInterfaceOrientations_iPhone = "UIInterfaceOrientationPortrait UIInterfaceOrientationLandscapeLeft UIInterfaceOrientationLandscapeRight";
				LD_RUNPATH_SEARCH_PATHS = (
					"$(inherited)",
					"@executable_path/Frameworks",
				);
				MARKETING_VERSION = 1.0;
				PRODUCT_BUNDLE_IDENTIFIER = com.SocketIODemo.SwiftyJson2;
				PRODUCT_NAME = "$(TARGET_NAME)";
				SWIFT_EMIT_LOC_STRINGS = YES;
				SWIFT_VERSION = 5.0;
				TARGETED_DEVICE_FAMILY = "1,2";
			};
			name = Release;
		};
/* End XCBuildConfiguration section */

/* Begin XCConfigurationList section */
		277BD6162AFCE3CC00707212 /* Build configuration list for PBXProject "SwiftyJson2" */ = {
			isa = XCConfigurationList;
			buildConfigurations = (
				277BD62D2AFCE3D200707212 /* Debug */,
				277BD62E2AFCE3D200707212 /* Release */,
			);
			defaultConfigurationIsVisible = 0;
			defaultConfigurationName = Release;
		};
		277BD62F2AFCE3D200707212 /* Build configuration list for PBXNativeTarget "SwiftyJson2" */ = {
			isa = XCConfigurationList;
			buildConfigurations = (
				277BD6302AFCE3D200707212 /* Debug */,
				277BD6312AFCE3D200707212 /* Release */,
			);
			defaultConfigurationIsVisible = 0;
			defaultConfigurationName = Release;
		};
/* End XCConfigurationList section */
	};
	rootObject = 277BD6132AFCE3CC00707212 /* Project object */;
}
